
Microsoft Visual Studio Solution File, Format Version 12.00
Project("{FAE04EC0-301F-11D3-BF4B-00C04F79EFBC}") = "TradeBot", "TradeBot\TradeBot.csproj", "{22BA34C8-6EF3-4D19-A192-B21987436FDB}"
EndProject
Global
	GlobalSection(SolutionConfigurationPlatforms) = preSolution
		Debug|Any CPU = Debug|Any CPU
		Release|Any CPU = Release|Any CPU
	EndGlobalSection
	GlobalSection(ProjectConfigurationPlatforms) = postSolution
		{22BA34C8-6EF3-4D19-A192-B21987436FDB}.Debug|Any CPU.ActiveCfg = Debug|Any CPU
		{22BA34C8-6EF3-4D19-A192-B21987436FDB}.Debug|Any CPU.Build.0 = Debug|Any CPU
		{22BA34C8-6EF3-4D19-A192-B21987436FDB}.Release|Any CPU.ActiveCfg = Release|Any CPU
		{22BA34C8-6EF3-4D19-A192-B21987436FDB}.Release|Any CPU.Build.0 = Release|Any CPU
	EndGlobalSection
EndGlobal
